
Microsoft Visual Studio Solution File, Format Version 12.00
# Visual Studio 15
VisualStudioVersion = 15.0.28307.1525
MinimumVisualStudioVersion = 10.0.40219.1
Project("{8BC9CEB8-8B4A-11D0-8D11-00A0C91BC942}") = "chatBubbe", "chatBubbe\chatBubbe.vcxproj", "{D91A5C65-A1CE-4155-ACA4-8D545376BB2D}"
EndProject
Project("{8BC9CEB8-8B4A-11D0-8D11-00A0C91BC942}") = "suspensionSlide", "suspensionSlide\suspensionSlide.vcxproj", "{B0C92A54-AA30-47FA-B2BF-4A768F418F75}"
EndProject
Project("{8BC9CEB8-8B4A-11D0-8D11-00A0C91BC942}") = "Lrc", "Lrc\Lrc.vcxproj", "{95BC3437-5031-46F0-89FD-296D56E95807}"
EndProject
Project("{8BC9CEB8-8B4A-11D0-8D11-00A0C91BC942}") = "GraphicsEffect", "GraphicsEffect\GraphicsEffect.vcxproj", "{8BFF04DA-CAC5-4B90-AB3F-83D9B5CC5E58}"
EndProject
Project("{8BC9CEB8-8B4A-11D0-8D11-00A0C91BC942}") = "frameLessScale", "frameLessScale\frameLessScale.vcxproj", "{3C116840-FAB4-4F2B-8FDD-2AF753448D1C}"
EndProject
Project("{8BC9CEB8-8B4A-11D0-8D11-00A0C91BC942}") = "marqueeLabel", "marqueeLabel\marqueeLabel.vcxproj", "{221A72F7-C16A-4FD3-9790-B1203320F6D6}"
EndProject
Project("{8BC9CEB8-8B4A-11D0-8D11-00A0C91BC942}") = "rollingBox", "rollingBox\QtWidgetsApplication.vcxproj", "{F50A71E4-E5E7-41D8-8881-6011F47A536D}"
EndProject
Project("{8BC9CEB8-8B4A-11D0-8D11-00A0C91BC942}") = "carouselLabel", "carouselLabel\carouselLabel.vcxproj", "{A5B0C1BD-23AA-4ADE-B503-84D1F1B11C23}"
EndProject
Project("{8BC9CEB8-8B4A-11D0-8D11-00A0C91BC942}") = "DockWin", "DockWin\DockWin.vcxproj", "{58292888-EDBD-4EC2-ABEA-C28056D3C564}"
EndProject
Project("{8BC9CEB8-8B4A-11D0-8D11-00A0C91BC942}") = "chatMessageWidget", "chatMessageWidget\chatMessageWidget.vcxproj", "{2AE079A4-A4EC-417F-A4F8-0D31B83E3123}"
EndProject
Project("{8BC9CEB8-8B4A-11D0-8D11-00A0C91BC942}") = "floatingWin", "floatingWin\floatingWin.vcxproj", "{F0A100CC-7742-48C0-831A-7785E7F9F33F}"
EndProject
Project("{8BC9CEB8-8B4A-11D0-8D11-00A0C91BC942}") = "moveWidget", "moveWidget\moveWidget.vcxproj", "{D0A0F25D-A309-40F5-8DE5-D553CFEAC882}"
EndProject
Project("{8BC9CEB8-8B4A-11D0-8D11-00A0C91BC942}") = "JsWithCpp", "JsWithCpp\JsWithCpp.vcxproj", "{EAA01CB2-D4B4-4E07-8159-A7A3F236AE4D}"
EndProject
Project("{8BC9CEB8-8B4A-11D0-8D11-00A0C91BC942}") = "clickedAnimation", "clickedAnimation\clickedAnimation.vcxproj", "{2FF7CACA-16F6-479F-BC3E-F9EE72AF17F9}"
EndProject
Project("{8BC9CEB8-8B4A-11D0-8D11-00A0C91BC942}") = "SysteamTrayTest", "SysteamTrayTest\SysteamTrayTest.vcxproj", "{F71CBDE7-0CDC-4AAB-BF46-B5996ABCA092}"
EndProject
Project("{8BC9CEB8-8B4A-11D0-8D11-00A0C91BC942}") = "DragObject", "DragObject\DragObject.vcxproj", "{77B52D8C-AFD9-42C6-BF4B-958C51C51976}"
EndProject
Project("{8BC9CEB8-8B4A-11D0-8D11-00A0C91BC942}") = "changeUserInfo", "changeUserInfo\changeUserInfo.vcxproj", "{D57AD51D-5134-4160-AA5F-95360E023ED5}"
EndProject
Project("{8BC9CEB8-8B4A-11D0-8D11-00A0C91BC942}") = "progress", "progress\progress.vcxproj", "{5DDA0DF1-EADC-4423-A9D6-140BAC2B3700}"
EndProject
Project("{8BC9CEB8-8B4A-11D0-8D11-00A0C91BC942}") = "animation", "animation\animation.vcxproj", "{3DC81C55-9724-4449-B12A-84BE0523B8B7}"
EndProject
Project("{8BC9CEB8-8B4A-11D0-8D11-00A0C91BC942}") = "pinyin", "pinyin\pinyin.vcxproj", "{15B20346-D569-4A72-9FF2-358039B4FF14}"
EndProject
Project("{8BC9CEB8-8B4A-11D0-8D11-00A0C91BC942}") = "paintEvent", "paintEvent\paintEvent.vcxproj", "{22D004C8-88BA-44F7-BEAC-D8CB343EB0F1}"
EndProject
Project("{8BC9CEB8-8B4A-11D0-8D11-00A0C91BC942}") = "Clock", "Clock\Clock.vcxproj", "{AC6D1BA1-FF66-460D-9528-7124BE67C1C0}"
EndProject
Project("{8BC9CEB8-8B4A-11D0-8D11-00A0C91BC942}") = "banner", "banner\banner.vcxproj", "{B2BB797D-4DAF-444E-800D-0DF5DB45798F}"
EndProject
Project("{8BC9CEB8-8B4A-11D0-8D11-00A0C91BC942}") = "Verification", "Verification\Verification.vcxproj", "{40E12437-10C5-4ED7-9441-39096DBA03FF}"
EndProject
Project("{8BC9CEB8-8B4A-11D0-8D11-00A0C91BC942}") = "IconPanel", "IconPanel\IconPanel.vcxproj", "{35FE6754-C1E4-4D1E-B068-A4FBD96B76A8}"
EndProject
Global
	GlobalSection(SolutionConfigurationPlatforms) = preSolution
		Debug|x64 = Debug|x64
		Debug|x86 = Debug|x86
		Release|x64 = Release|x64
		Release|x86 = Release|x86
	EndGlobalSection
	GlobalSection(ProjectConfigurationPlatforms) = postSolution
		{D91A5C65-A1CE-4155-ACA4-8D545376BB2D}.Debug|x64.ActiveCfg = Debug|Win32
		{D91A5C65-A1CE-4155-ACA4-8D545376BB2D}.Debug|x86.ActiveCfg = Debug|Win32
		{D91A5C65-A1CE-4155-ACA4-8D545376BB2D}.Debug|x86.Build.0 = Debug|Win32
		{D91A5C65-A1CE-4155-ACA4-8D545376BB2D}.Release|x64.ActiveCfg = Release|Win32
		{D91A5C65-A1CE-4155-ACA4-8D545376BB2D}.Release|x86.ActiveCfg = Release|Win32
		{D91A5C65-A1CE-4155-ACA4-8D545376BB2D}.Release|x86.Build.0 = Release|Win32
		{B0C92A54-AA30-47FA-B2BF-4A768F418F75}.Debug|x64.ActiveCfg = Debug|Win32
		{B0C92A54-AA30-47FA-B2BF-4A768F418F75}.Debug|x86.ActiveCfg = Debug|Win32
		{B0C92A54-AA30-47FA-B2BF-4A768F418F75}.Debug|x86.Build.0 = Debug|Win32
		{B0C92A54-AA30-47FA-B2BF-4A768F418F75}.Release|x64.ActiveCfg = Release|Win32
		{B0C92A54-AA30-47FA-B2BF-4A768F418F75}.Release|x86.ActiveCfg = Release|Win32
		{B0C92A54-AA30-47FA-B2BF-4A768F418F75}.Release|x86.Build.0 = Release|Win32
		{95BC3437-5031-46F0-89FD-296D56E95807}.Debug|x64.ActiveCfg = Debug|Win32
		{95BC3437-5031-46F0-89FD-296D56E95807}.Debug|x86.ActiveCfg = Debug|Win32
		{95BC3437-5031-46F0-89FD-296D56E95807}.Debug|x86.Build.0 = Debug|Win32
		{95BC3437-5031-46F0-89FD-296D56E95807}.Release|x64.ActiveCfg = Release|Win32
		{95BC3437-5031-46F0-89FD-296D56E95807}.Release|x86.ActiveCfg = Release|Win32
		{95BC3437-5031-46F0-89FD-296D56E95807}.Release|x86.Build.0 = Release|Win32
		{8BFF04DA-CAC5-4B90-AB3F-83D9B5CC5E58}.Debug|x64.ActiveCfg = Debug|x64
		{8BFF04DA-CAC5-4B90-AB3F-83D9B5CC5E58}.Debug|x64.Build.0 = Debug|x64
		{8BFF04DA-CAC5-4B90-AB3F-83D9B5CC5E58}.Debug|x86.ActiveCfg = Debug|Win32
		{8BFF04DA-CAC5-4B90-AB3F-83D9B5CC5E58}.Debug|x86.Build.0 = Debug|Win32
		{8BFF04DA-CAC5-4B90-AB3F-83D9B5CC5E58}.Release|x64.ActiveCfg = Release|x64
		{8BFF04DA-CAC5-4B90-AB3F-83D9B5CC5E58}.Release|x64.Build.0 = Release|x64
		{8BFF04DA-CAC5-4B90-AB3F-83D9B5CC5E58}.Release|x86.ActiveCfg = Release|Win32
		{8BFF04DA-CAC5-4B90-AB3F-83D9B5CC5E58}.Release|x86.Build.0 = Release|Win32
		{3C116840-FAB4-4F2B-8FDD-2AF753448D1C}.Debug|x64.ActiveCfg = Debug|x64
		{3C116840-FAB4-4F2B-8FDD-2AF753448D1C}.Debug|x64.Build.0 = Debug|x64
		{3C116840-FAB4-4F2B-8FDD-2AF753448D1C}.Debug|x86.ActiveCfg = Debug|Win32
		{3C116840-FAB4-4F2B-8FDD-2AF753448D1C}.Debug|x86.Build.0 = Debug|Win32
		{3C116840-FAB4-4F2B-8FDD-2AF753448D1C}.Release|x64.ActiveCfg = Release|x64
		{3C116840-FAB4-4F2B-8FDD-2AF753448D1C}.Release|x64.Build.0 = Release|x64
		{3C116840-FAB4-4F2B-8FDD-2AF753448D1C}.Release|x86.ActiveCfg = Release|Win32
		{3C116840-FAB4-4F2B-8FDD-2AF753448D1C}.Release|x86.Build.0 = Release|Win32
		{221A72F7-C16A-4FD3-9790-B1203320F6D6}.Debug|x64.ActiveCfg = Debug|x64
		{221A72F7-C16A-4FD3-9790-B1203320F6D6}.Debug|x64.Build.0 = Debug|x64
		{221A72F7-C16A-4FD3-9790-B1203320F6D6}.Debug|x86.ActiveCfg = Debug|Win32
		{221A72F7-C16A-4FD3-9790-B1203320F6D6}.Debug|x86.Build.0 = Debug|Win32
		{221A72F7-C16A-4FD3-9790-B1203320F6D6}.Release|x64.ActiveCfg = Release|x64
		{221A72F7-C16A-4FD3-9790-B1203320F6D6}.Release|x64.Build.0 = Release|x64
		{221A72F7-C16A-4FD3-9790-B1203320F6D6}.Release|x86.ActiveCfg = Release|Win32
		{221A72F7-C16A-4FD3-9790-B1203320F6D6}.Release|x86.Build.0 = Release|Win32
		{F50A71E4-E5E7-41D8-8881-6011F47A536D}.Debug|x64.ActiveCfg = Debug|x64
		{F50A71E4-E5E7-41D8-8881-6011F47A536D}.Debug|x64.Build.0 = Debug|x64
		{F50A71E4-E5E7-41D8-8881-6011F47A536D}.Debug|x86.ActiveCfg = Debug|Win32
		{F50A71E4-E5E7-41D8-8881-6011F47A536D}.Debug|x86.Build.0 = Debug|Win32
		{F50A71E4-E5E7-41D8-8881-6011F47A536D}.Release|x64.ActiveCfg = Release|x64
		{F50A71E4-E5E7-41D8-8881-6011F47A536D}.Release|x64.Build.0 = Release|x64
		{F50A71E4-E5E7-41D8-8881-6011F47A536D}.Release|x86.ActiveCfg = Release|Win32
		{F50A71E4-E5E7-41D8-8881-6011F47A536D}.Release|x86.Build.0 = Release|Win32
		{A5B0C1BD-23AA-4ADE-B503-84D1F1B11C23}.Debug|x64.ActiveCfg = Debug|x64
		{A5B0C1BD-23AA-4ADE-B503-84D1F1B11C23}.Debug|x64.Build.0 = Debug|x64
		{A5B0C1BD-23AA-4ADE-B503-84D1F1B11C23}.Debug|x86.ActiveCfg = Debug|Win32
		{A5B0C1BD-23AA-4ADE-B503-84D1F1B11C23}.Debug|x86.Build.0 = Debug|Win32
		{A5B0C1BD-23AA-4ADE-B503-84D1F1B11C23}.Release|x64.ActiveCfg = Release|x64
		{A5B0C1BD-23AA-4ADE-B503-84D1F1B11C23}.Release|x64.Build.0 = Release|x64
		{A5B0C1BD-23AA-4ADE-B503-84D1F1B11C23}.Release|x86.ActiveCfg = Release|Win32
		{A5B0C1BD-23AA-4ADE-B503-84D1F1B11C23}.Release|x86.Build.0 = Release|Win32
		{58292888-EDBD-4EC2-ABEA-C28056D3C564}.Debug|x64.ActiveCfg = Debug|x64
		{58292888-EDBD-4EC2-ABEA-C28056D3C564}.Debug|x64.Build.0 = Debug|x64
		{58292888-EDBD-4EC2-ABEA-C28056D3C564}.Debug|x86.ActiveCfg = Debug|Win32
		{58292888-EDBD-4EC2-ABEA-C28056D3C564}.Debug|x86.Build.0 = Debug|Win32
		{58292888-EDBD-4EC2-ABEA-C28056D3C564}.Release|x64.ActiveCfg = Release|x64
		{58292888-EDBD-4EC2-ABEA-C28056D3C564}.Release|x64.Build.0 = Release|x64
		{58292888-EDBD-4EC2-ABEA-C28056D3C564}.Release|x86.ActiveCfg = Release|Win32
		{58292888-EDBD-4EC2-ABEA-C28056D3C564}.Release|x86.Build.0 = Release|Win32
		{2AE079A4-A4EC-417F-A4F8-0D31B83E3123}.Debug|x64.ActiveCfg = Debug|x64
		{2AE079A4-A4EC-417F-A4F8-0D31B83E3123}.Debug|x64.Build.0 = Debug|x64
		{2AE079A4-A4EC-417F-A4F8-0D31B83E3123}.Debug|x86.ActiveCfg = Debug|Win32
		{2AE079A4-A4EC-417F-A4F8-0D31B83E3123}.Debug|x86.Build.0 = Debug|Win32
		{2AE079A4-A4EC-417F-A4F8-0D31B83E3123}.Release|x64.ActiveCfg = Release|x64
		{2AE079A4-A4EC-417F-A4F8-0D31B83E3123}.Release|x64.Build.0 = Release|x64
		{2AE079A4-A4EC-417F-A4F8-0D31B83E3123}.Release|x86.ActiveCfg = Release|Win32
		{2AE079A4-A4EC-417F-A4F8-0D31B83E3123}.Release|x86.Build.0 = Release|Win32
		{F0A100CC-7742-48C0-831A-7785E7F9F33F}.Debug|x64.ActiveCfg = Debug|x64
		{F0A100CC-7742-48C0-831A-7785E7F9F33F}.Debug|x64.Build.0 = Debug|x64
		{F0A100CC-7742-48C0-831A-7785E7F9F33F}.Debug|x86.ActiveCfg = Debug|Win32
		{F0A100CC-7742-48C0-831A-7785E7F9F33F}.Debug|x86.Build.0 = Debug|Win32
		{F0A100CC-7742-48C0-831A-7785E7F9F33F}.Release|x64.ActiveCfg = Release|x64
		{F0A100CC-7742-48C0-831A-7785E7F9F33F}.Release|x64.Build.0 = Release|x64
		{F0A100CC-7742-48C0-831A-7785E7F9F33F}.Release|x86.ActiveCfg = Release|Win32
		{F0A100CC-7742-48C0-831A-7785E7F9F33F}.Release|x86.Build.0 = Release|Win32
		{D0A0F25D-A309-40F5-8DE5-D553CFEAC882}.Debug|x64.ActiveCfg = Debug|x64
		{D0A0F25D-A309-40F5-8DE5-D553CFEAC882}.Debug|x64.Build.0 = Debug|x64
		{D0A0F25D-A309-40F5-8DE5-D553CFEAC882}.Debug|x86.ActiveCfg = Debug|Win32
		{D0A0F25D-A309-40F5-8DE5-D553CFEAC882}.Debug|x86.Build.0 = Debug|Win32
		{D0A0F25D-A309-40F5-8DE5-D553CFEAC882}.Release|x64.ActiveCfg = Release|x64
		{D0A0F25D-A309-40F5-8DE5-D553CFEAC882}.Release|x64.Build.0 = Release|x64
		{D0A0F25D-A309-40F5-8DE5-D553CFEAC882}.Release|x86.ActiveCfg = Release|Win32
		{D0A0F25D-A309-40F5-8DE5-D553CFEAC882}.Release|x86.Build.0 = Release|Win32
		{EAA01CB2-D4B4-4E07-8159-A7A3F236AE4D}.Debug|x64.ActiveCfg = Debug|x64
		{EAA01CB2-D4B4-4E07-8159-A7A3F236AE4D}.Debug|x64.Build.0 = Debug|x64
		{EAA01CB2-D4B4-4E07-8159-A7A3F236AE4D}.Debug|x86.ActiveCfg = Debug|Win32
		{EAA01CB2-D4B4-4E07-8159-A7A3F236AE4D}.Debug|x86.Build.0 = Debug|Win32
		{EAA01CB2-D4B4-4E07-8159-A7A3F236AE4D}.Release|x64.ActiveCfg = Release|x64
		{EAA01CB2-D4B4-4E07-8159-A7A3F236AE4D}.Release|x64.Build.0 = Release|x64
		{EAA01CB2-D4B4-4E07-8159-A7A3F236AE4D}.Release|x86.ActiveCfg = Release|Win32
		{EAA01CB2-D4B4-4E07-8159-A7A3F236AE4D}.Release|x86.Build.0 = Release|Win32
		{2FF7CACA-16F6-479F-BC3E-F9EE72AF17F9}.Debug|x64.ActiveCfg = Debug|x64
		{2FF7CACA-16F6-479F-BC3E-F9EE72AF17F9}.Debug|x64.Build.0 = Debug|x64
		{2FF7CACA-16F6-479F-BC3E-F9EE72AF17F9}.Debug|x86.ActiveCfg = Debug|Win32
		{2FF7CACA-16F6-479F-BC3E-F9EE72AF17F9}.Debug|x86.Build.0 = Debug|Win32
		{2FF7CACA-16F6-479F-BC3E-F9EE72AF17F9}.Release|x64.ActiveCfg = Release|x64
		{2FF7CACA-16F6-479F-BC3E-F9EE72AF17F9}.Release|x64.Build.0 = Release|x64
		{2FF7CACA-16F6-479F-BC3E-F9EE72AF17F9}.Release|x86.ActiveCfg = Release|Win32
		{2FF7CACA-16F6-479F-BC3E-F9EE72AF17F9}.Release|x86.Build.0 = Release|Win32
		{F71CBDE7-0CDC-4AAB-BF46-B5996ABCA092}.Debug|x64.ActiveCfg = Debug|x64
		{F71CBDE7-0CDC-4AAB-BF46-B5996ABCA092}.Debug|x64.Build.0 = Debug|x64
		{F71CBDE7-0CDC-4AAB-BF46-B5996ABCA092}.Debug|x86.ActiveCfg = Debug|Win32
		{F71CBDE7-0CDC-4AAB-BF46-B5996ABCA092}.Debug|x86.Build.0 = Debug|Win32
		{F71CBDE7-0CDC-4AAB-BF46-B5996ABCA092}.Release|x64.ActiveCfg = Release|x64
		{F71CBDE7-0CDC-4AAB-BF46-B5996ABCA092}.Release|x64.Build.0 = Release|x64
		{F71CBDE7-0CDC-4AAB-BF46-B5996ABCA092}.Release|x86.ActiveCfg = Release|Win32
		{F71CBDE7-0CDC-4AAB-BF46-B5996ABCA092}.Release|x86.Build.0 = Release|Win32
		{77B52D8C-AFD9-42C6-BF4B-958C51C51976}.Debug|x64.ActiveCfg = Debug|x64
		{77B52D8C-AFD9-42C6-BF4B-958C51C51976}.Debug|x64.Build.0 = Debug|x64
		{77B52D8C-AFD9-42C6-BF4B-958C51C51976}.Debug|x86.ActiveCfg = Debug|Win32
		{77B52D8C-AFD9-42C6-BF4B-958C51C51976}.Debug|x86.Build.0 = Debug|Win32
		{77B52D8C-AFD9-42C6-BF4B-958C51C51976}.Release|x64.ActiveCfg = Release|x64
		{77B52D8C-AFD9-42C6-BF4B-958C51C51976}.Release|x64.Build.0 = Release|x64
		{77B52D8C-AFD9-42C6-BF4B-958C51C51976}.Release|x86.ActiveCfg = Release|Win32
		{77B52D8C-AFD9-42C6-BF4B-958C51C51976}.Release|x86.Build.0 = Release|Win32
		{D57AD51D-5134-4160-AA5F-95360E023ED5}.Debug|x64.ActiveCfg = Debug|x64
		{D57AD51D-5134-4160-AA5F-95360E023ED5}.Debug|x64.Build.0 = Debug|x64
		{D57AD51D-5134-4160-AA5F-95360E023ED5}.Debug|x86.ActiveCfg = Debug|Win32
		{D57AD51D-5134-4160-AA5F-95360E023ED5}.Debug|x86.Build.0 = Debug|Win32
		{D57AD51D-5134-4160-AA5F-95360E023ED5}.Release|x64.ActiveCfg = Release|x64
		{D57AD51D-5134-4160-AA5F-95360E023ED5}.Release|x64.Build.0 = Release|x64
		{D57AD51D-5134-4160-AA5F-95360E023ED5}.Release|x86.ActiveCfg = Release|Win32
		{D57AD51D-5134-4160-AA5F-95360E023ED5}.Release|x86.Build.0 = Release|Win32
		{5DDA0DF1-EADC-4423-A9D6-140BAC2B3700}.Debug|x64.ActiveCfg = Debug|x64
		{5DDA0DF1-EADC-4423-A9D6-140BAC2B3700}.Debug|x64.Build.0 = Debug|x64
		{5DDA0DF1-EADC-4423-A9D6-140BAC2B3700}.Debug|x86.ActiveCfg = Debug|Win32
		{5DDA0DF1-EADC-4423-A9D6-140BAC2B3700}.Debug|x86.Build.0 = Debug|Win32
		{5DDA0DF1-EADC-4423-A9D6-140BAC2B3700}.Release|x64.ActiveCfg = Release|x64
		{5DDA0DF1-EADC-4423-A9D6-140BAC2B3700}.Release|x64.Build.0 = Release|x64
		{5DDA0DF1-EADC-4423-A9D6-140BAC2B3700}.Release|x86.ActiveCfg = Release|Win32
		{5DDA0DF1-EADC-4423-A9D6-140BAC2B3700}.Release|x86.Build.0 = Release|Win32
		{3DC81C55-9724-4449-B12A-84BE0523B8B7}.Debug|x64.ActiveCfg = Debug|x64
		{3DC81C55-9724-4449-B12A-84BE0523B8B7}.Debug|x64.Build.0 = Debug|x64
		{3DC81C55-9724-4449-B12A-84BE0523B8B7}.Debug|x86.ActiveCfg = Debug|Win32
		{3DC81C55-9724-4449-B12A-84BE0523B8B7}.Debug|x86.Build.0 = Debug|Win32
		{3DC81C55-9724-4449-B12A-84BE0523B8B7}.Release|x64.ActiveCfg = Release|x64
		{3DC81C55-9724-4449-B12A-84BE0523B8B7}.Release|x64.Build.0 = Release|x64
		{3DC81C55-9724-4449-B12A-84BE0523B8B7}.Release|x86.ActiveCfg = Release|Win32
		{3DC81C55-9724-4449-B12A-84BE0523B8B7}.Release|x86.Build.0 = Release|Win32
		{15B20346-D569-4A72-9FF2-358039B4FF14}.Debug|x64.ActiveCfg = Debug|x64
		{15B20346-D569-4A72-9FF2-358039B4FF14}.Debug|x64.Build.0 = Debug|x64
		{15B20346-D569-4A72-9FF2-358039B4FF14}.Debug|x86.ActiveCfg = Debug|Win32
		{15B20346-D569-4A72-9FF2-358039B4FF14}.Debug|x86.Build.0 = Debug|Win32
		{15B20346-D569-4A72-9FF2-358039B4FF14}.Release|x64.ActiveCfg = Release|x64
		{15B20346-D569-4A72-9FF2-358039B4FF14}.Release|x64.Build.0 = Release|x64
		{15B20346-D569-4A72-9FF2-358039B4FF14}.Release|x86.ActiveCfg = Release|Win32
		{15B20346-D569-4A72-9FF2-358039B4FF14}.Release|x86.Build.0 = Release|Win32
		{22D004C8-88BA-44F7-BEAC-D8CB343EB0F1}.Debug|x64.ActiveCfg = Debug|x64
		{22D004C8-88BA-44F7-BEAC-D8CB343EB0F1}.Debug|x64.Build.0 = Debug|x64
		{22D004C8-88BA-44F7-BEAC-D8CB343EB0F1}.Debug|x86.ActiveCfg = Debug|Win32
		{22D004C8-88BA-44F7-BEAC-D8CB343EB0F1}.Debug|x86.Build.0 = Debug|Win32
		{22D004C8-88BA-44F7-BEAC-D8CB343EB0F1}.Release|x64.ActiveCfg = Release|x64
		{22D004C8-88BA-44F7-BEAC-D8CB343EB0F1}.Release|x64.Build.0 = Release|x64
		{22D004C8-88BA-44F7-BEAC-D8CB343EB0F1}.Release|x86.ActiveCfg = Release|Win32
		{22D004C8-88BA-44F7-BEAC-D8CB343EB0F1}.Release|x86.Build.0 = Release|Win32
		{AC6D1BA1-FF66-460D-9528-7124BE67C1C0}.Debug|x64.ActiveCfg = Debug|Win32
		{AC6D1BA1-FF66-460D-9528-7124BE67C1C0}.Debug|x86.ActiveCfg = Debug|Win32
		{AC6D1BA1-FF66-460D-9528-7124BE67C1C0}.Debug|x86.Build.0 = Debug|Win32
		{AC6D1BA1-FF66-460D-9528-7124BE67C1C0}.Release|x64.ActiveCfg = Release|Win32
		{AC6D1BA1-FF66-460D-9528-7124BE67C1C0}.Release|x86.ActiveCfg = Release|Win32
		{AC6D1BA1-FF66-460D-9528-7124BE67C1C0}.Release|x86.Build.0 = Release|Win32
		{B2BB797D-4DAF-444E-800D-0DF5DB45798F}.Debug|x64.ActiveCfg = Debug|Win32
		{B2BB797D-4DAF-444E-800D-0DF5DB45798F}.Debug|x86.ActiveCfg = Debug|Win32
		{B2BB797D-4DAF-444E-800D-0DF5DB45798F}.Debug|x86.Build.0 = Debug|Win32
		{B2BB797D-4DAF-444E-800D-0DF5DB45798F}.Release|x64.ActiveCfg = Release|Win32
		{B2BB797D-4DAF-444E-800D-0DF5DB45798F}.Release|x86.ActiveCfg = Release|Win32
		{B2BB797D-4DAF-444E-800D-0DF5DB45798F}.Release|x86.Build.0 = Release|Win32
		{40E12437-10C5-4ED7-9441-39096DBA03FF}.Debug|x64.ActiveCfg = Debug|Win32
		{40E12437-10C5-4ED7-9441-39096DBA03FF}.Debug|x86.ActiveCfg = Debug|Win32
		{40E12437-10C5-4ED7-9441-39096DBA03FF}.Debug|x86.Build.0 = Debug|Win32
		{40E12437-10C5-4ED7-9441-39096DBA03FF}.Release|x64.ActiveCfg = Release|Win32
		{40E12437-10C5-4ED7-9441-39096DBA03FF}.Release|x86.ActiveCfg = Release|Win32
		{40E12437-10C5-4ED7-9441-39096DBA03FF}.Release|x86.Build.0 = Release|Win32
		{35FE6754-C1E4-4D1E-B068-A4FBD96B76A8}.Debug|x64.ActiveCfg = Debug|Win32
		{35FE6754-C1E4-4D1E-B068-A4FBD96B76A8}.Debug|x86.ActiveCfg = Debug|Win32
		{35FE6754-C1E4-4D1E-B068-A4FBD96B76A8}.Debug|x86.Build.0 = Debug|Win32
		{35FE6754-C1E4-4D1E-B068-A4FBD96B76A8}.Release|x64.ActiveCfg = Release|Win32
		{35FE6754-C1E4-4D1E-B068-A4FBD96B76A8}.Release|x86.ActiveCfg = Release|Win32
		{35FE6754-C1E4-4D1E-B068-A4FBD96B76A8}.Release|x86.Build.0 = Release|Win32
	EndGlobalSection
	GlobalSection(SolutionProperties) = preSolution
		HideSolutionNode = FALSE
	EndGlobalSection
	GlobalSection(ExtensibilityGlobals) = postSolution
		Qt5Version = Qt5.12.11_msvc2017_32
		SolutionGuid = {D077F900-B94B-4D5C-9360-A98DC186CE5D}
	EndGlobalSection
EndGlobal
