
Microsoft Visual Studio Solution File, Format Version 12.00
# Visual Studio 15
VisualStudioVersion = 15.0.28307.1525
MinimumVisualStudioVersion = 10.0.40219.1
Project("{8BC9CEB8-8B4A-11D0-8D11-00A0C91BC942}") = "frameLessScale", "frameLessScale\frameLessScale.vcxproj", "{3C116840-FAB4-4F2B-8FDD-2AF753448D1C}"
EndProject
Project("{8BC9CEB8-8B4A-11D0-8D11-00A0C91BC942}") = "marqueeLabel", "marqueeLabel\marqueeLabel.vcxproj", "{221A72F7-C16A-4FD3-9790-B1203320F6D6}"
EndProject
Project("{8BC9CEB8-8B4A-11D0-8D11-00A0C91BC942}") = "rollingBox", "rollingBox\QtWidgetsApplication.vcxproj", "{F50A71E4-E5E7-41D8-8881-6011F47A536D}"
EndProject
Project("{8BC9CEB8-8B4A-11D0-8D11-00A0C91BC942}") = "carouselLabel", "carouselLabel\carouselLabel.vcxproj", "{A5B0C1BD-23AA-4ADE-B503-84D1F1B11C23}"
EndProject
Project("{8BC9CEB8-8B4A-11D0-8D11-00A0C91BC942}") = "DockWin", "DockWin\DockWin.vcxproj", "{58292888-EDBD-4EC2-ABEA-C28056D3C564}"
EndProject
Project("{8BC9CEB8-8B4A-11D0-8D11-00A0C91BC942}") = "chatMessageWidget", "chatMessageWidget\chatMessageWidget.vcxproj", "{2AE079A4-A4EC-417F-A4F8-0D31B83E3123}"
EndProject
Project("{8BC9CEB8-8B4A-11D0-8D11-00A0C91BC942}") = "floatingWin", "floatingWin\floatingWin.vcxproj", "{F0A100CC-7742-48C0-831A-7785E7F9F33F}"
EndProject
Project("{8BC9CEB8-8B4A-11D0-8D11-00A0C91BC942}") = "moveWidget", "moveWidget\moveWidget.vcxproj", "{D0A0F25D-A309-40F5-8DE5-D553CFEAC882}"
EndProject
Project("{8BC9CEB8-8B4A-11D0-8D11-00A0C91BC942}") = "JsWithCpp", "JsWithCpp\JsWithCpp.vcxproj", "{EAA01CB2-D4B4-4E07-8159-A7A3F236AE4D}"
EndProject
Project("{8BC9CEB8-8B4A-11D0-8D11-00A0C91BC942}") = "heartProgress", "heartProgress\heartProgress.vcxproj", "{69654974-8DB1-4EED-B62D-02715CA0339B}"
EndProject
Project("{8BC9CEB8-8B4A-11D0-8D11-00A0C91BC942}") = "clickedAnimation", "clickedAnimation\clickedAnimation.vcxproj", "{2FF7CACA-16F6-479F-BC3E-F9EE72AF17F9}"
EndProject
Global
	GlobalSection(SolutionConfigurationPlatforms) = preSolution
		Debug|x86 = Debug|x86
		Release|x86 = Release|x86
	EndGlobalSection
	GlobalSection(ProjectConfigurationPlatforms) = postSolution
		{3C116840-FAB4-4F2B-8FDD-2AF753448D1C}.Debug|x86.ActiveCfg = Debug|Win32
		{3C116840-FAB4-4F2B-8FDD-2AF753448D1C}.Debug|x86.Build.0 = Debug|Win32
		{3C116840-FAB4-4F2B-8FDD-2AF753448D1C}.Release|x86.ActiveCfg = Release|Win32
		{3C116840-FAB4-4F2B-8FDD-2AF753448D1C}.Release|x86.Build.0 = Release|Win32
		{221A72F7-C16A-4FD3-9790-B1203320F6D6}.Debug|x86.ActiveCfg = Debug|Win32
		{221A72F7-C16A-4FD3-9790-B1203320F6D6}.Debug|x86.Build.0 = Debug|Win32
		{221A72F7-C16A-4FD3-9790-B1203320F6D6}.Release|x86.ActiveCfg = Release|Win32
		{221A72F7-C16A-4FD3-9790-B1203320F6D6}.Release|x86.Build.0 = Release|Win32
		{F50A71E4-E5E7-41D8-8881-6011F47A536D}.Debug|x86.ActiveCfg = Debug|Win32
		{F50A71E4-E5E7-41D8-8881-6011F47A536D}.Debug|x86.Build.0 = Debug|Win32
		{F50A71E4-E5E7-41D8-8881-6011F47A536D}.Release|x86.ActiveCfg = Release|Win32
		{F50A71E4-E5E7-41D8-8881-6011F47A536D}.Release|x86.Build.0 = Release|Win32
		{A5B0C1BD-23AA-4ADE-B503-84D1F1B11C23}.Debug|x86.ActiveCfg = Debug|Win32
		{A5B0C1BD-23AA-4ADE-B503-84D1F1B11C23}.Debug|x86.Build.0 = Debug|Win32
		{A5B0C1BD-23AA-4ADE-B503-84D1F1B11C23}.Release|x86.ActiveCfg = Release|Win32
		{A5B0C1BD-23AA-4ADE-B503-84D1F1B11C23}.Release|x86.Build.0 = Release|Win32
		{58292888-EDBD-4EC2-ABEA-C28056D3C564}.Debug|x86.ActiveCfg = Debug|Win32
		{58292888-EDBD-4EC2-ABEA-C28056D3C564}.Debug|x86.Build.0 = Debug|Win32
		{58292888-EDBD-4EC2-ABEA-C28056D3C564}.Release|x86.ActiveCfg = Release|Win32
		{58292888-EDBD-4EC2-ABEA-C28056D3C564}.Release|x86.Build.0 = Release|Win32
		{2AE079A4-A4EC-417F-A4F8-0D31B83E3123}.Debug|x86.ActiveCfg = Debug|Win32
		{2AE079A4-A4EC-417F-A4F8-0D31B83E3123}.Debug|x86.Build.0 = Debug|Win32
		{2AE079A4-A4EC-417F-A4F8-0D31B83E3123}.Release|x86.ActiveCfg = Release|Win32
		{2AE079A4-A4EC-417F-A4F8-0D31B83E3123}.Release|x86.Build.0 = Release|Win32
		{F0A100CC-7742-48C0-831A-7785E7F9F33F}.Debug|x86.ActiveCfg = Debug|Win32
		{F0A100CC-7742-48C0-831A-7785E7F9F33F}.Debug|x86.Build.0 = Debug|Win32
		{F0A100CC-7742-48C0-831A-7785E7F9F33F}.Release|x86.ActiveCfg = Release|Win32
		{F0A100CC-7742-48C0-831A-7785E7F9F33F}.Release|x86.Build.0 = Release|Win32
		{D0A0F25D-A309-40F5-8DE5-D553CFEAC882}.Debug|x86.ActiveCfg = Debug|Win32
		{D0A0F25D-A309-40F5-8DE5-D553CFEAC882}.Debug|x86.Build.0 = Debug|Win32
		{D0A0F25D-A309-40F5-8DE5-D553CFEAC882}.Release|x86.ActiveCfg = Release|Win32
		{D0A0F25D-A309-40F5-8DE5-D553CFEAC882}.Release|x86.Build.0 = Release|Win32
		{EAA01CB2-D4B4-4E07-8159-A7A3F236AE4D}.Debug|x86.ActiveCfg = Debug|Win32
		{EAA01CB2-D4B4-4E07-8159-A7A3F236AE4D}.Debug|x86.Build.0 = Debug|Win32
		{EAA01CB2-D4B4-4E07-8159-A7A3F236AE4D}.Release|x86.ActiveCfg = Release|Win32
		{EAA01CB2-D4B4-4E07-8159-A7A3F236AE4D}.Release|x86.Build.0 = Release|Win32
		{69654974-8DB1-4EED-B62D-02715CA0339B}.Debug|x86.ActiveCfg = Debug|Win32
		{69654974-8DB1-4EED-B62D-02715CA0339B}.Debug|x86.Build.0 = Debug|Win32
		{69654974-8DB1-4EED-B62D-02715CA0339B}.Release|x86.ActiveCfg = Release|Win32
		{69654974-8DB1-4EED-B62D-02715CA0339B}.Release|x86.Build.0 = Release|Win32
		{2FF7CACA-16F6-479F-BC3E-F9EE72AF17F9}.Debug|x86.ActiveCfg = Debug|Win32
		{2FF7CACA-16F6-479F-BC3E-F9EE72AF17F9}.Debug|x86.Build.0 = Debug|Win32
		{2FF7CACA-16F6-479F-BC3E-F9EE72AF17F9}.Release|x86.ActiveCfg = Release|Win32
		{2FF7CACA-16F6-479F-BC3E-F9EE72AF17F9}.Release|x86.Build.0 = Release|Win32
	EndGlobalSection
	GlobalSection(SolutionProperties) = preSolution
		HideSolutionNode = FALSE
	EndGlobalSection
	GlobalSection(ExtensibilityGlobals) = postSolution
		SolutionGuid = {D077F900-B94B-4D5C-9360-A98DC186CE5D}
	EndGlobalSection
EndGlobal
